{
  "pins" : [
    {
      "identity" : "alamofire",
      "kind" : "remoteSourceControl",
      "location" : "https://github.com/Alamofire/Alamofire.git",
      "state" : {
        "revision" : "78424be314842833c04bc3bef5b72e85fff99204",
        "version" : "5.6.4"
      }
    },
    {
      "identity" : "swiftpagemenu",
      "kind" : "remoteSourceControl",
      "location" : "https://github.com/tamanyan/SwiftPageMenu.git",
      "state" : {
        "revision" : "3556871a96c87c075e53cf63b8c4fad598d3a806",
        "version" : "1.5.0"
      }
    }
  ],
  "version" : 2
}
